
Microsoft Visual Studio Solution File, Format Version 12.00
# Visual Studio 14
VisualStudioVersion = 14.0.25420.1
MinimumVisualStudioVersion = 10.0.40219.1
Project("{FAE04EC0-301F-11D3-BF4B-00C04F79EFBC}") = "ExtensionLibrary", "ExtensionLibrary\ExtensionLibrary.csproj", "{42EE850B-170D-4AB2-9721-C420AF62CCB6}"
EndProject
Project("{2150E333-8FDC-42A3-9474-1A3956D46DE8}") = "Tests", "Tests", "{BBD90798-5C74-42FF-9576-1B83B26F51AF}"
EndProject
Project("{FAE04EC0-301F-11D3-BF4B-00C04F79EFBC}") = "ExtensionLibrary.Tests", "ExtensionLibrary.Tests\ExtensionLibrary.Tests.csproj", "{F8CC2F27-BAD5-4573-8B75-B9C77131E800}"
EndProject
Global
	GlobalSection(SolutionConfigurationPlatforms) = preSolution
		Debug|Any CPU = Debug|Any CPU
		Release|Any CPU = Release|Any CPU
	EndGlobalSection
	GlobalSection(ProjectConfigurationPlatforms) = postSolution
		{42EE850B-170D-4AB2-9721-C420AF62CCB6}.Debug|Any CPU.ActiveCfg = Debug|Any CPU
		{42EE850B-170D-4AB2-9721-C420AF62CCB6}.Debug|Any CPU.Build.0 = Debug|Any CPU
		{42EE850B-170D-4AB2-9721-C420AF62CCB6}.Release|Any CPU.ActiveCfg = Release|Any CPU
		{42EE850B-170D-4AB2-9721-C420AF62CCB6}.Release|Any CPU.Build.0 = Release|Any CPU
		{F8CC2F27-BAD5-4573-8B75-B9C77131E800}.Debug|Any CPU.ActiveCfg = Debug|Any CPU
		{F8CC2F27-BAD5-4573-8B75-B9C77131E800}.Debug|Any CPU.Build.0 = Debug|Any CPU
		{F8CC2F27-BAD5-4573-8B75-B9C77131E800}.Release|Any CPU.ActiveCfg = Release|Any CPU
		{F8CC2F27-BAD5-4573-8B75-B9C77131E800}.Release|Any CPU.Build.0 = Release|Any CPU
	EndGlobalSection
	GlobalSection(SolutionProperties) = preSolution
		HideSolutionNode = FALSE
	EndGlobalSection
	GlobalSection(NestedProjects) = preSolution
		{F8CC2F27-BAD5-4573-8B75-B9C77131E800} = {BBD90798-5C74-42FF-9576-1B83B26F51AF}
	EndGlobalSection
EndGlobal
